
Microsoft Visual Studio Solution File, Format Version 11.00
# Visual Studio 2010
Project("{FAE04EC0-301F-11D3-BF4B-00C04F79EFBC}") = "SolicitantesBecas", "SolicitantesBecas\SolicitantesBecas.csproj", "{2CD6F5A7-2E5B-496E-84D8-2690CFEB84C8}"
	ProjectSection(ProjectDependencies) = postProject
		{B60D6D87-55E6-4EE2-B705-4B36213F866D} = {B60D6D87-55E6-4EE2-B705-4B36213F866D}
	EndProjectSection
EndProject
Project("{FAE04EC0-301F-11D3-BF4B-00C04F79EFBC}") = "wsSolicitantesBecas", "wsSolicitantesBecas\wsSolicitantesBecas.csproj", "{B60D6D87-55E6-4EE2-B705-4B36213F866D}"
EndProject
Project("{FAE04EC0-301F-11D3-BF4B-00C04F79EFBC}") = "ConsultaSolicitudes", "ConsultaSolicitudes\ConsultaSolicitudes.csproj", "{2DD2D1FC-1FFA-4A59-A8B8-82312E12B7F4}"
EndProject
Global
	GlobalSection(SolutionConfigurationPlatforms) = preSolution
		Debug|Any CPU = Debug|Any CPU
		Debug|Mixed Platforms = Debug|Mixed Platforms
		Debug|x86 = Debug|x86
		Release|Any CPU = Release|Any CPU
		Release|Mixed Platforms = Release|Mixed Platforms
		Release|x86 = Release|x86
	EndGlobalSection
	GlobalSection(ProjectConfigurationPlatforms) = postSolution
		{2CD6F5A7-2E5B-496E-84D8-2690CFEB84C8}.Debug|Any CPU.ActiveCfg = Debug|x86
		{2CD6F5A7-2E5B-496E-84D8-2690CFEB84C8}.Debug|Mixed Platforms.ActiveCfg = Debug|x86
		{2CD6F5A7-2E5B-496E-84D8-2690CFEB84C8}.Debug|Mixed Platforms.Build.0 = Debug|x86
		{2CD6F5A7-2E5B-496E-84D8-2690CFEB84C8}.Debug|x86.ActiveCfg = Debug|x86
		{2CD6F5A7-2E5B-496E-84D8-2690CFEB84C8}.Debug|x86.Build.0 = Debug|x86
		{2CD6F5A7-2E5B-496E-84D8-2690CFEB84C8}.Release|Any CPU.ActiveCfg = Release|x86
		{2CD6F5A7-2E5B-496E-84D8-2690CFEB84C8}.Release|Mixed Platforms.ActiveCfg = Release|x86
		{2CD6F5A7-2E5B-496E-84D8-2690CFEB84C8}.Release|Mixed Platforms.Build.0 = Release|x86
		{2CD6F5A7-2E5B-496E-84D8-2690CFEB84C8}.Release|x86.ActiveCfg = Release|x86
		{2CD6F5A7-2E5B-496E-84D8-2690CFEB84C8}.Release|x86.Build.0 = Release|x86
		{B60D6D87-55E6-4EE2-B705-4B36213F866D}.Debug|Any CPU.ActiveCfg = Debug|Any CPU
		{B60D6D87-55E6-4EE2-B705-4B36213F866D}.Debug|Any CPU.Build.0 = Debug|Any CPU
		{B60D6D87-55E6-4EE2-B705-4B36213F866D}.Debug|Mixed Platforms.ActiveCfg = Debug|Any CPU
		{B60D6D87-55E6-4EE2-B705-4B36213F866D}.Debug|Mixed Platforms.Build.0 = Debug|Any CPU
		{B60D6D87-55E6-4EE2-B705-4B36213F866D}.Debug|x86.ActiveCfg = Debug|Any CPU
		{B60D6D87-55E6-4EE2-B705-4B36213F866D}.Release|Any CPU.ActiveCfg = Release|Any CPU
		{B60D6D87-55E6-4EE2-B705-4B36213F866D}.Release|Any CPU.Build.0 = Release|Any CPU
		{B60D6D87-55E6-4EE2-B705-4B36213F866D}.Release|Mixed Platforms.ActiveCfg = Release|Any CPU
		{B60D6D87-55E6-4EE2-B705-4B36213F866D}.Release|Mixed Platforms.Build.0 = Release|Any CPU
		{B60D6D87-55E6-4EE2-B705-4B36213F866D}.Release|x86.ActiveCfg = Release|Any CPU
		{2DD2D1FC-1FFA-4A59-A8B8-82312E12B7F4}.Debug|Any CPU.ActiveCfg = Debug|x86
		{2DD2D1FC-1FFA-4A59-A8B8-82312E12B7F4}.Debug|Mixed Platforms.ActiveCfg = Debug|x86
		{2DD2D1FC-1FFA-4A59-A8B8-82312E12B7F4}.Debug|Mixed Platforms.Build.0 = Debug|x86
		{2DD2D1FC-1FFA-4A59-A8B8-82312E12B7F4}.Debug|x86.ActiveCfg = Debug|x86
		{2DD2D1FC-1FFA-4A59-A8B8-82312E12B7F4}.Debug|x86.Build.0 = Debug|x86
		{2DD2D1FC-1FFA-4A59-A8B8-82312E12B7F4}.Release|Any CPU.ActiveCfg = Release|x86
		{2DD2D1FC-1FFA-4A59-A8B8-82312E12B7F4}.Release|Mixed Platforms.ActiveCfg = Release|x86
		{2DD2D1FC-1FFA-4A59-A8B8-82312E12B7F4}.Release|Mixed Platforms.Build.0 = Release|x86
		{2DD2D1FC-1FFA-4A59-A8B8-82312E12B7F4}.Release|x86.ActiveCfg = Release|x86
		{2DD2D1FC-1FFA-4A59-A8B8-82312E12B7F4}.Release|x86.Build.0 = Release|x86
	EndGlobalSection
	GlobalSection(SolutionProperties) = preSolution
		HideSolutionNode = FALSE
	EndGlobalSection
EndGlobal
